
Microsoft Visual Studio Solution File, Format Version 12.00
# Visual Studio Version 17
VisualStudioVersion = 17.10.35122.118
MinimumVisualStudioVersion = 10.0.40219.1
Project("{FAE04EC0-301F-11D3-BF4B-00C04F79EFBC}") = "Vistas", "Vistas\Vistas.csproj", "{30BBFC3A-A6D8-4B40-8301-3230969A85B4}"
EndProject
Project("{FAE04EC0-301F-11D3-BF4B-00C04F79EFBC}") = "Negocio", "Negocio\Negocio.csproj", "{5B19570D-28B2-4486-847C-5E6A06B61892}"
EndProject
Project("{FAE04EC0-301F-11D3-BF4B-00C04F79EFBC}") = "DAO", "DAO\DAO.csproj", "{A138B306-9581-4BB2-8AAF-D662FA7FF7D0}"
EndProject
Project("{FAE04EC0-301F-11D3-BF4B-00C04F79EFBC}") = "Entidades", "Entidades\Entidades.csproj", "{2CF7999A-943E-4FA7-9C41-B1C25C6BE06C}"
EndProject
Global
	GlobalSection(SolutionConfigurationPlatforms) = preSolution
		Debug|Any CPU = Debug|Any CPU
		Release|Any CPU = Release|Any CPU
	EndGlobalSection
	GlobalSection(ProjectConfigurationPlatforms) = postSolution
		{30BBFC3A-A6D8-4B40-8301-3230969A85B4}.Debug|Any CPU.ActiveCfg = Debug|Any CPU
		{30BBFC3A-A6D8-4B40-8301-3230969A85B4}.Debug|Any CPU.Build.0 = Debug|Any CPU
		{30BBFC3A-A6D8-4B40-8301-3230969A85B4}.Release|Any CPU.ActiveCfg = Release|Any CPU
		{30BBFC3A-A6D8-4B40-8301-3230969A85B4}.Release|Any CPU.Build.0 = Release|Any CPU
		{5B19570D-28B2-4486-847C-5E6A06B61892}.Debug|Any CPU.ActiveCfg = Debug|Any CPU
		{5B19570D-28B2-4486-847C-5E6A06B61892}.Debug|Any CPU.Build.0 = Debug|Any CPU
		{5B19570D-28B2-4486-847C-5E6A06B61892}.Release|Any CPU.ActiveCfg = Release|Any CPU
		{5B19570D-28B2-4486-847C-5E6A06B61892}.Release|Any CPU.Build.0 = Release|Any CPU
		{A138B306-9581-4BB2-8AAF-D662FA7FF7D0}.Debug|Any CPU.ActiveCfg = Debug|Any CPU
		{A138B306-9581-4BB2-8AAF-D662FA7FF7D0}.Debug|Any CPU.Build.0 = Debug|Any CPU
		{A138B306-9581-4BB2-8AAF-D662FA7FF7D0}.Release|Any CPU.ActiveCfg = Release|Any CPU
		{A138B306-9581-4BB2-8AAF-D662FA7FF7D0}.Release|Any CPU.Build.0 = Release|Any CPU
		{2CF7999A-943E-4FA7-9C41-B1C25C6BE06C}.Debug|Any CPU.ActiveCfg = Debug|Any CPU
		{2CF7999A-943E-4FA7-9C41-B1C25C6BE06C}.Debug|Any CPU.Build.0 = Debug|Any CPU
		{2CF7999A-943E-4FA7-9C41-B1C25C6BE06C}.Release|Any CPU.ActiveCfg = Release|Any CPU
		{2CF7999A-943E-4FA7-9C41-B1C25C6BE06C}.Release|Any CPU.Build.0 = Release|Any CPU
	EndGlobalSection
	GlobalSection(SolutionProperties) = preSolution
		HideSolutionNode = FALSE
	EndGlobalSection
	GlobalSection(ExtensibilityGlobals) = postSolution
		SolutionGuid = {FBB1DA6F-E4A5-40CA-B4E3-052B3FD5703E}
	EndGlobalSection
EndGlobal
